
Microsoft Visual Studio Solution File, Format Version 12.00
# Visual Studio Version 16
VisualStudioVersion = 16.0.31829.152
MinimumVisualStudioVersion = 10.0.40219.1
Project("{FAE04EC0-301F-11D3-BF4B-00C04F79EFBC}") = "WPF 15.1", "WPF 15.1\WPF 15.1.csproj", "{0A067B59-2A81-4C16-B152-332FCB427E66}"
EndProject
Global
	GlobalSection(SolutionConfigurationPlatforms) = preSolution
		Debug|Any CPU = Debug|Any CPU
		Release|Any CPU = Release|Any CPU
	EndGlobalSection
	GlobalSection(ProjectConfigurationPlatforms) = postSolution
		{0A067B59-2A81-4C16-B152-332FCB427E66}.Debug|Any CPU.ActiveCfg = Debug|Any CPU
		{0A067B59-2A81-4C16-B152-332FCB427E66}.Debug|Any CPU.Build.0 = Debug|Any CPU
		{0A067B59-2A81-4C16-B152-332FCB427E66}.Release|Any CPU.ActiveCfg = Release|Any CPU
		{0A067B59-2A81-4C16-B152-332FCB427E66}.Release|Any CPU.Build.0 = Release|Any CPU
	EndGlobalSection
	GlobalSection(SolutionProperties) = preSolution
		HideSolutionNode = FALSE
	EndGlobalSection
	GlobalSection(ExtensibilityGlobals) = postSolution
		SolutionGuid = {1D9A73CB-5527-4D41-B8FA-CC439978C1AB}
	EndGlobalSection
EndGlobal
